
Microsoft Visual Studio Solution File, Format Version 12.00
# Visual Studio Version 17
VisualStudioVersion = 17.5.33424.131
MinimumVisualStudioVersion = 10.0.40219.1
Project("{2150E333-8FDC-42A3-9474-1A3956D46DE8}") = "src", "src", "{0541BD2F-B72B-4B10-8940-9582732B463D}"
EndProject
Project("{2150E333-8FDC-42A3-9474-1A3956D46DE8}") = "test", "test", "{D5772DBA-76F4-48D7-8976-885538354E02}"
EndProject
Project("{2150E333-8FDC-42A3-9474-1A3956D46DE8}") = "Core", "Core", "{3BA50450-3519-4DA5-8FC4-517406F1F92F}"
EndProject
Project("{2150E333-8FDC-42A3-9474-1A3956D46DE8}") = "Infrastructure", "Infrastructure", "{8D2DD82F-D028-4274-9462-25F2AD3A5D36}"
EndProject
Project("{2150E333-8FDC-42A3-9474-1A3956D46DE8}") = "Common", "Common", "{053C3F19-03CA-4F23-9809-3C7931B56810}"
EndProject
Project("{2150E333-8FDC-42A3-9474-1A3956D46DE8}") = "Web", "Web", "{C7C7F611-5016-471B-917B-51AB55CEFE25}"
EndProject
Project("{9A19103F-16F7-4668-BE54-9A1E7A4F7556}") = "WalletSolution.Domain", "src\Core\WalletSolution.Domain\WalletSolution.Domain.csproj", "{D6B1B1D2-5398-4642-8332-96F74648458F}"
EndProject
Project("{9A19103F-16F7-4668-BE54-9A1E7A4F7556}") = "WalletSolution.Application", "src\Core\WalletSolution.Application\WalletSolution.Application.csproj", "{EA913E11-0C8C-4F43-BF28-0B59BE01B792}"
EndProject
Project("{9A19103F-16F7-4668-BE54-9A1E7A4F7556}") = "WalletSolution.Common", "src\Common\WalletSolution.Common\WalletSolution.Common.csproj", "{EB099338-70C5-4FC5-86FA-11C11A77D326}"
EndProject
Project("{9A19103F-16F7-4668-BE54-9A1E7A4F7556}") = "WalletSolution.Persistence", "src\Infrastructure\WalletSolution.Persistence\WalletSolution.Persistence.csproj", "{5F714FC3-D7F3-4815-A565-E2C70F9B3389}"
EndProject
Project("{9A19103F-16F7-4668-BE54-9A1E7A4F7556}") = "WalletSolution.APIFramework", "src\Web\WalletSolution.APIFramework\WalletSolution.APIFramework.csproj", "{3BA40F8A-FD60-4D23-9CEA-A7F265C59254}"
EndProject
Project("{9A19103F-16F7-4668-BE54-9A1E7A4F7556}") = "WalletSolution.API", "src\Web\WalletSolution.API\WalletSolution.API.csproj", "{B646FC2F-7084-46E5-9FAF-F80EEFBB009A}"
EndProject
Global
	GlobalSection(SolutionConfigurationPlatforms) = preSolution
		Debug|Any CPU = Debug|Any CPU
		Release|Any CPU = Release|Any CPU
	EndGlobalSection
	GlobalSection(ProjectConfigurationPlatforms) = postSolution
		{D6B1B1D2-5398-4642-8332-96F74648458F}.Debug|Any CPU.ActiveCfg = Debug|Any CPU
		{D6B1B1D2-5398-4642-8332-96F74648458F}.Debug|Any CPU.Build.0 = Debug|Any CPU
		{D6B1B1D2-5398-4642-8332-96F74648458F}.Release|Any CPU.ActiveCfg = Release|Any CPU
		{D6B1B1D2-5398-4642-8332-96F74648458F}.Release|Any CPU.Build.0 = Release|Any CPU
		{EA913E11-0C8C-4F43-BF28-0B59BE01B792}.Debug|Any CPU.ActiveCfg = Debug|Any CPU
		{EA913E11-0C8C-4F43-BF28-0B59BE01B792}.Debug|Any CPU.Build.0 = Debug|Any CPU
		{EA913E11-0C8C-4F43-BF28-0B59BE01B792}.Release|Any CPU.ActiveCfg = Release|Any CPU
		{EA913E11-0C8C-4F43-BF28-0B59BE01B792}.Release|Any CPU.Build.0 = Release|Any CPU
		{EB099338-70C5-4FC5-86FA-11C11A77D326}.Debug|Any CPU.ActiveCfg = Debug|Any CPU
		{EB099338-70C5-4FC5-86FA-11C11A77D326}.Debug|Any CPU.Build.0 = Debug|Any CPU
		{EB099338-70C5-4FC5-86FA-11C11A77D326}.Release|Any CPU.ActiveCfg = Release|Any CPU
		{EB099338-70C5-4FC5-86FA-11C11A77D326}.Release|Any CPU.Build.0 = Release|Any CPU
		{5F714FC3-D7F3-4815-A565-E2C70F9B3389}.Debug|Any CPU.ActiveCfg = Debug|Any CPU
		{5F714FC3-D7F3-4815-A565-E2C70F9B3389}.Debug|Any CPU.Build.0 = Debug|Any CPU
		{5F714FC3-D7F3-4815-A565-E2C70F9B3389}.Release|Any CPU.ActiveCfg = Release|Any CPU
		{5F714FC3-D7F3-4815-A565-E2C70F9B3389}.Release|Any CPU.Build.0 = Release|Any CPU
		{3BA40F8A-FD60-4D23-9CEA-A7F265C59254}.Debug|Any CPU.ActiveCfg = Debug|Any CPU
		{3BA40F8A-FD60-4D23-9CEA-A7F265C59254}.Debug|Any CPU.Build.0 = Debug|Any CPU
		{3BA40F8A-FD60-4D23-9CEA-A7F265C59254}.Release|Any CPU.ActiveCfg = Release|Any CPU
		{3BA40F8A-FD60-4D23-9CEA-A7F265C59254}.Release|Any CPU.Build.0 = Release|Any CPU
		{B646FC2F-7084-46E5-9FAF-F80EEFBB009A}.Debug|Any CPU.ActiveCfg = Debug|Any CPU
		{B646FC2F-7084-46E5-9FAF-F80EEFBB009A}.Debug|Any CPU.Build.0 = Debug|Any CPU
		{B646FC2F-7084-46E5-9FAF-F80EEFBB009A}.Release|Any CPU.ActiveCfg = Release|Any CPU
		{B646FC2F-7084-46E5-9FAF-F80EEFBB009A}.Release|Any CPU.Build.0 = Release|Any CPU
	EndGlobalSection
	GlobalSection(SolutionProperties) = preSolution
		HideSolutionNode = FALSE
	EndGlobalSection
	GlobalSection(NestedProjects) = preSolution
		{3BA50450-3519-4DA5-8FC4-517406F1F92F} = {0541BD2F-B72B-4B10-8940-9582732B463D}
		{8D2DD82F-D028-4274-9462-25F2AD3A5D36} = {0541BD2F-B72B-4B10-8940-9582732B463D}
		{053C3F19-03CA-4F23-9809-3C7931B56810} = {0541BD2F-B72B-4B10-8940-9582732B463D}
		{C7C7F611-5016-471B-917B-51AB55CEFE25} = {0541BD2F-B72B-4B10-8940-9582732B463D}
		{D6B1B1D2-5398-4642-8332-96F74648458F} = {3BA50450-3519-4DA5-8FC4-517406F1F92F}
		{EA913E11-0C8C-4F43-BF28-0B59BE01B792} = {3BA50450-3519-4DA5-8FC4-517406F1F92F}
		{EB099338-70C5-4FC5-86FA-11C11A77D326} = {053C3F19-03CA-4F23-9809-3C7931B56810}
		{5F714FC3-D7F3-4815-A565-E2C70F9B3389} = {8D2DD82F-D028-4274-9462-25F2AD3A5D36}
		{3BA40F8A-FD60-4D23-9CEA-A7F265C59254} = {C7C7F611-5016-471B-917B-51AB55CEFE25}
		{B646FC2F-7084-46E5-9FAF-F80EEFBB009A} = {C7C7F611-5016-471B-917B-51AB55CEFE25}
	EndGlobalSection
	GlobalSection(ExtensibilityGlobals) = postSolution
		SolutionGuid = {2DAAB7A3-E4EA-480A-A2F7-81436DBC4ED5}
	EndGlobalSection
EndGlobal
